
Microsoft Visual Studio Solution File, Format Version 12.00
# Visual Studio Version 17
VisualStudioVersion = 17.13.35818.85 d17.13
MinimumVisualStudioVersion = 10.0.40219.1
Project("{FAE04EC0-301F-11D3-BF4B-00C04F79EFBC}") = "assignment4_1", "assignment4_1.csproj", "{8C69FA95-8913-4EAC-8E44-BA3A01651A20}"
EndProject
Project("{FAE04EC0-301F-11D3-BF4B-00C04F79EFBC}") = "assignment4_2", "..\assignment4_2\assignment4_2.csproj", "{BCC64F5B-D12D-4D8C-BE2E-B6CA598BCCA7}"
EndProject
Global
	GlobalSection(SolutionConfigurationPlatforms) = preSolution
		Debug|Any CPU = Debug|Any CPU
		Release|Any CPU = Release|Any CPU
	EndGlobalSection
	GlobalSection(ProjectConfigurationPlatforms) = postSolution
		{8C69FA95-8913-4EAC-8E44-BA3A01651A20}.Debug|Any CPU.ActiveCfg = Debug|Any CPU
		{8C69FA95-8913-4EAC-8E44-BA3A01651A20}.Debug|Any CPU.Build.0 = Debug|Any CPU
		{8C69FA95-8913-4EAC-8E44-BA3A01651A20}.Release|Any CPU.ActiveCfg = Release|Any CPU
		{8C69FA95-8913-4EAC-8E44-BA3A01651A20}.Release|Any CPU.Build.0 = Release|Any CPU
		{BCC64F5B-D12D-4D8C-BE2E-B6CA598BCCA7}.Debug|Any CPU.ActiveCfg = Debug|Any CPU
		{BCC64F5B-D12D-4D8C-BE2E-B6CA598BCCA7}.Debug|Any CPU.Build.0 = Debug|Any CPU
		{BCC64F5B-D12D-4D8C-BE2E-B6CA598BCCA7}.Release|Any CPU.ActiveCfg = Release|Any CPU
		{BCC64F5B-D12D-4D8C-BE2E-B6CA598BCCA7}.Release|Any CPU.Build.0 = Release|Any CPU
	EndGlobalSection
	GlobalSection(SolutionProperties) = preSolution
		HideSolutionNode = FALSE
	EndGlobalSection
	GlobalSection(ExtensibilityGlobals) = postSolution
		SolutionGuid = {B7F9952E-2B28-4026-86D4-A8985DC98534}
	EndGlobalSection
EndGlobal
